
Microsoft Visual Studio Solution File, Format Version 12.00
# Visual Studio Version 16
VisualStudioVersion = 16.0.809.5
MinimumVisualStudioVersion = 10.0.40219.1
Project("{FAE04EC0-301F-11D3-BF4B-00C04F79EFBC}") = "driiver-pdf-api", "driiver-pdf-api\driiver-pdf-api.csproj", "{E2FCE45A-F234-448E-8B67-0FEDF5E5DDA0}"
EndProject
Global
	GlobalSection(SolutionConfigurationPlatforms) = preSolution
		Debug|Any CPU = Debug|Any CPU
		Release|Any CPU = Release|Any CPU
	EndGlobalSection
	GlobalSection(ProjectConfigurationPlatforms) = postSolution
		{E2FCE45A-F234-448E-8B67-0FEDF5E5DDA0}.Debug|Any CPU.ActiveCfg = Debug|Any CPU
		{E2FCE45A-F234-448E-8B67-0FEDF5E5DDA0}.Debug|Any CPU.Build.0 = Debug|Any CPU
		{E2FCE45A-F234-448E-8B67-0FEDF5E5DDA0}.Release|Any CPU.ActiveCfg = Release|Any CPU
		{E2FCE45A-F234-448E-8B67-0FEDF5E5DDA0}.Release|Any CPU.Build.0 = Release|Any CPU
	EndGlobalSection
	GlobalSection(SolutionProperties) = preSolution
		HideSolutionNode = FALSE
	EndGlobalSection
	GlobalSection(ExtensibilityGlobals) = postSolution
		SolutionGuid = {83F94A1B-3BE4-4A18-A37F-27D3DAB9DB8B}
	EndGlobalSection
	GlobalSection(MonoDevelopProperties) = preSolution
		Policies = $0
		$0.DotNetNamingPolicy = $1
		$1.DirectoryNamespaceAssociation = PrefixedHierarchical
		$0.TextStylePolicy = $2
		$2.inheritsSet = null
		$2.scope = text/x-csharp
		$0.CSharpFormattingPolicy = $3
		$3.scope = text/x-csharp
		$0.TextStylePolicy = $4
		$4.inheritsSet = null
		$4.scope = text/x-json
		$0.JSONFormattingPolicy = $5
		$5.AutoStructureCompletion = True
		$5.BracePositions = SemiExpanded
		$5.FormatOnPaste = True
		$5.scope = text/x-json
		$0.TextStylePolicy = $6
		$6.inheritsSet = null
		$6.scope = text/x-web
		$0.StandardHeader = $7
		$7.Text = "${FileName}${FileNameWithoutExtension}"
		$0.VersionControlPolicy = $8
	EndGlobalSection
EndGlobal
